
Microsoft Visual Studio Solution File, Format Version 12.00
# Visual Studio Version 17
VisualStudioVersion = 17.0.31903.59
MinimumVisualStudioVersion = 10.0.40219.1
Project("{2150E333-8FDC-42A3-9474-1A3956D46DE8}") = "src", "src", "{827E0CD3-B72D-47B6-A68D-7590B98EB39B}"
EndProject
Project("{2150E333-8FDC-42A3-9474-1A3956D46DE8}") = "Modules", "Modules", "{EC447DCF-ABFA-6E24-52A5-D7FD48A5C558}"
EndProject
Project("{2150E333-8FDC-42A3-9474-1A3956D46DE8}") = "Polisher", "Polisher", "{5065D2DA-EA6E-DF36-88A4-A5FD0F609AC1}"
EndProject
Project("{FAE04EC0-301F-11D3-BF4B-00C04F79EFBC}") = "Polisher.API", "src\Modules\Polisher\Polisher.API\Polisher.API.csproj", "{E3BBDA05-EB94-4914-9E0C-811578A66303}"
EndProject
Project("{2150E333-8FDC-42A3-9474-1A3956D46DE8}") = "Identity", "Identity", "{65ABFB5D-2B10-DF64-BF12-C17976F8E5D9}"
EndProject
Project("{FAE04EC0-301F-11D3-BF4B-00C04F79EFBC}") = "Identity.API", "src\Identity\Identity.API\Identity.API.csproj", "{44CDB5EE-71C3-46D9-BF6B-1829B1C3EAF0}"
EndProject
Project("{2150E333-8FDC-42A3-9474-1A3956D46DE8}") = "BuildingBlocks", "BuildingBlocks", "{90298CBA-BD6F-3A0A-69D5-97CAD7B05E7E}"
EndProject
Project("{FAE04EC0-301F-11D3-BF4B-00C04F79EFBC}") = "common", "src\BuildingBlocks\common\common.csproj", "{5F173D01-10D8-4A10-AD43-9947EB4031F6}"
EndProject
Project("{FAE04EC0-301F-11D3-BF4B-00C04F79EFBC}") = "sharedkernel", "src\BuildingBlocks\sharedkernel\sharedkernel.csproj", "{FED283C3-4430-43BA-A612-BC8889E8BFE1}"
EndProject
Project("{FAE04EC0-301F-11D3-BF4B-00C04F79EFBC}") = "StockManagement.API", "src\StockManagement.API\StockManagement.API.csproj", "{812EE998-A45A-4FB8-9F6E-106F2E2F261F}"
EndProject
Project("{2150E333-8FDC-42A3-9474-1A3956D46DE8}") = "BagType", "BagType", "{8B6406A8-9BF6-43B4-C21F-90AAEE1063B6}"
EndProject
Project("{FAE04EC0-301F-11D3-BF4B-00C04F79EFBC}") = "BagType.API", "src\Modules\BagType\BagType.API\BagType.API.csproj", "{13E57DDE-0223-4EAF-AAC2-C81F6F800A49}"
EndProject
Project("{2150E333-8FDC-42A3-9474-1A3956D46DE8}") = "Product", "Product", "{D2D2E801-7597-4251-0547-09189CCAD81B}"
EndProject
Project("{FAE04EC0-301F-11D3-BF4B-00C04F79EFBC}") = "Product.API", "src\Modules\Product\Product.API\Product.API.csproj", "{CA79D3DB-0C25-4F44-AC8C-90D0ED7253AB}"
EndProject
Project("{2150E333-8FDC-42A3-9474-1A3956D46DE8}") = "Production", "Production", "{FC15485C-DEDA-FAD7-9DC0-92F66DE2726C}"
EndProject
Project("{FAE04EC0-301F-11D3-BF4B-00C04F79EFBC}") = "Production.API", "src\Modules\Production\Production.API\Production.API.csproj", "{9280581F-F3AA-4501-863F-B280B45BE958}"
EndProject
Global
	GlobalSection(SolutionConfigurationPlatforms) = preSolution
		Debug|Any CPU = Debug|Any CPU
		Debug|x64 = Debug|x64
		Debug|x86 = Debug|x86
		Release|Any CPU = Release|Any CPU
		Release|x64 = Release|x64
		Release|x86 = Release|x86
	EndGlobalSection
	GlobalSection(ProjectConfigurationPlatforms) = postSolution
		{E3BBDA05-EB94-4914-9E0C-811578A66303}.Debug|Any CPU.ActiveCfg = Debug|Any CPU
		{E3BBDA05-EB94-4914-9E0C-811578A66303}.Debug|Any CPU.Build.0 = Debug|Any CPU
		{E3BBDA05-EB94-4914-9E0C-811578A66303}.Debug|x64.ActiveCfg = Debug|Any CPU
		{E3BBDA05-EB94-4914-9E0C-811578A66303}.Debug|x64.Build.0 = Debug|Any CPU
		{E3BBDA05-EB94-4914-9E0C-811578A66303}.Debug|x86.ActiveCfg = Debug|Any CPU
		{E3BBDA05-EB94-4914-9E0C-811578A66303}.Debug|x86.Build.0 = Debug|Any CPU
		{E3BBDA05-EB94-4914-9E0C-811578A66303}.Release|Any CPU.ActiveCfg = Release|Any CPU
		{E3BBDA05-EB94-4914-9E0C-811578A66303}.Release|Any CPU.Build.0 = Release|Any CPU
		{E3BBDA05-EB94-4914-9E0C-811578A66303}.Release|x64.ActiveCfg = Release|Any CPU
		{E3BBDA05-EB94-4914-9E0C-811578A66303}.Release|x64.Build.0 = Release|Any CPU
		{E3BBDA05-EB94-4914-9E0C-811578A66303}.Release|x86.ActiveCfg = Release|Any CPU
		{E3BBDA05-EB94-4914-9E0C-811578A66303}.Release|x86.Build.0 = Release|Any CPU
		{44CDB5EE-71C3-46D9-BF6B-1829B1C3EAF0}.Debug|Any CPU.ActiveCfg = Debug|Any CPU
		{44CDB5EE-71C3-46D9-BF6B-1829B1C3EAF0}.Debug|Any CPU.Build.0 = Debug|Any CPU
		{44CDB5EE-71C3-46D9-BF6B-1829B1C3EAF0}.Debug|x64.ActiveCfg = Debug|Any CPU
		{44CDB5EE-71C3-46D9-BF6B-1829B1C3EAF0}.Debug|x64.Build.0 = Debug|Any CPU
		{44CDB5EE-71C3-46D9-BF6B-1829B1C3EAF0}.Debug|x86.ActiveCfg = Debug|Any CPU
		{44CDB5EE-71C3-46D9-BF6B-1829B1C3EAF0}.Debug|x86.Build.0 = Debug|Any CPU
		{44CDB5EE-71C3-46D9-BF6B-1829B1C3EAF0}.Release|Any CPU.ActiveCfg = Release|Any CPU
		{44CDB5EE-71C3-46D9-BF6B-1829B1C3EAF0}.Release|Any CPU.Build.0 = Release|Any CPU
		{44CDB5EE-71C3-46D9-BF6B-1829B1C3EAF0}.Release|x64.ActiveCfg = Release|Any CPU
		{44CDB5EE-71C3-46D9-BF6B-1829B1C3EAF0}.Release|x64.Build.0 = Release|Any CPU
		{44CDB5EE-71C3-46D9-BF6B-1829B1C3EAF0}.Release|x86.ActiveCfg = Release|Any CPU
		{44CDB5EE-71C3-46D9-BF6B-1829B1C3EAF0}.Release|x86.Build.0 = Release|Any CPU
		{5F173D01-10D8-4A10-AD43-9947EB4031F6}.Debug|Any CPU.ActiveCfg = Debug|Any CPU
		{5F173D01-10D8-4A10-AD43-9947EB4031F6}.Debug|Any CPU.Build.0 = Debug|Any CPU
		{5F173D01-10D8-4A10-AD43-9947EB4031F6}.Debug|x64.ActiveCfg = Debug|Any CPU
		{5F173D01-10D8-4A10-AD43-9947EB4031F6}.Debug|x64.Build.0 = Debug|Any CPU
		{5F173D01-10D8-4A10-AD43-9947EB4031F6}.Debug|x86.ActiveCfg = Debug|Any CPU
		{5F173D01-10D8-4A10-AD43-9947EB4031F6}.Debug|x86.Build.0 = Debug|Any CPU
		{5F173D01-10D8-4A10-AD43-9947EB4031F6}.Release|Any CPU.ActiveCfg = Release|Any CPU
		{5F173D01-10D8-4A10-AD43-9947EB4031F6}.Release|Any CPU.Build.0 = Release|Any CPU
		{5F173D01-10D8-4A10-AD43-9947EB4031F6}.Release|x64.ActiveCfg = Release|Any CPU
		{5F173D01-10D8-4A10-AD43-9947EB4031F6}.Release|x64.Build.0 = Release|Any CPU
		{5F173D01-10D8-4A10-AD43-9947EB4031F6}.Release|x86.ActiveCfg = Release|Any CPU
		{5F173D01-10D8-4A10-AD43-9947EB4031F6}.Release|x86.Build.0 = Release|Any CPU
		{FED283C3-4430-43BA-A612-BC8889E8BFE1}.Debug|Any CPU.ActiveCfg = Debug|Any CPU
		{FED283C3-4430-43BA-A612-BC8889E8BFE1}.Debug|Any CPU.Build.0 = Debug|Any CPU
		{FED283C3-4430-43BA-A612-BC8889E8BFE1}.Debug|x64.ActiveCfg = Debug|Any CPU
		{FED283C3-4430-43BA-A612-BC8889E8BFE1}.Debug|x64.Build.0 = Debug|Any CPU
		{FED283C3-4430-43BA-A612-BC8889E8BFE1}.Debug|x86.ActiveCfg = Debug|Any CPU
		{FED283C3-4430-43BA-A612-BC8889E8BFE1}.Debug|x86.Build.0 = Debug|Any CPU
		{FED283C3-4430-43BA-A612-BC8889E8BFE1}.Release|Any CPU.ActiveCfg = Release|Any CPU
		{FED283C3-4430-43BA-A612-BC8889E8BFE1}.Release|Any CPU.Build.0 = Release|Any CPU
		{FED283C3-4430-43BA-A612-BC8889E8BFE1}.Release|x64.ActiveCfg = Release|Any CPU
		{FED283C3-4430-43BA-A612-BC8889E8BFE1}.Release|x64.Build.0 = Release|Any CPU
		{FED283C3-4430-43BA-A612-BC8889E8BFE1}.Release|x86.ActiveCfg = Release|Any CPU
		{FED283C3-4430-43BA-A612-BC8889E8BFE1}.Release|x86.Build.0 = Release|Any CPU
		{812EE998-A45A-4FB8-9F6E-106F2E2F261F}.Debug|Any CPU.ActiveCfg = Debug|Any CPU
		{812EE998-A45A-4FB8-9F6E-106F2E2F261F}.Debug|Any CPU.Build.0 = Debug|Any CPU
		{812EE998-A45A-4FB8-9F6E-106F2E2F261F}.Debug|x64.ActiveCfg = Debug|Any CPU
		{812EE998-A45A-4FB8-9F6E-106F2E2F261F}.Debug|x64.Build.0 = Debug|Any CPU
		{812EE998-A45A-4FB8-9F6E-106F2E2F261F}.Debug|x86.ActiveCfg = Debug|Any CPU
		{812EE998-A45A-4FB8-9F6E-106F2E2F261F}.Debug|x86.Build.0 = Debug|Any CPU
		{812EE998-A45A-4FB8-9F6E-106F2E2F261F}.Release|Any CPU.ActiveCfg = Release|Any CPU
		{812EE998-A45A-4FB8-9F6E-106F2E2F261F}.Release|Any CPU.Build.0 = Release|Any CPU
		{812EE998-A45A-4FB8-9F6E-106F2E2F261F}.Release|x64.ActiveCfg = Release|Any CPU
		{812EE998-A45A-4FB8-9F6E-106F2E2F261F}.Release|x64.Build.0 = Release|Any CPU
		{812EE998-A45A-4FB8-9F6E-106F2E2F261F}.Release|x86.ActiveCfg = Release|Any CPU
		{812EE998-A45A-4FB8-9F6E-106F2E2F261F}.Release|x86.Build.0 = Release|Any CPU
		{13E57DDE-0223-4EAF-AAC2-C81F6F800A49}.Debug|Any CPU.ActiveCfg = Debug|Any CPU
		{13E57DDE-0223-4EAF-AAC2-C81F6F800A49}.Debug|Any CPU.Build.0 = Debug|Any CPU
		{13E57DDE-0223-4EAF-AAC2-C81F6F800A49}.Debug|x64.ActiveCfg = Debug|Any CPU
		{13E57DDE-0223-4EAF-AAC2-C81F6F800A49}.Debug|x64.Build.0 = Debug|Any CPU
		{13E57DDE-0223-4EAF-AAC2-C81F6F800A49}.Debug|x86.ActiveCfg = Debug|Any CPU
		{13E57DDE-0223-4EAF-AAC2-C81F6F800A49}.Debug|x86.Build.0 = Debug|Any CPU
		{13E57DDE-0223-4EAF-AAC2-C81F6F800A49}.Release|Any CPU.ActiveCfg = Release|Any CPU
		{13E57DDE-0223-4EAF-AAC2-C81F6F800A49}.Release|Any CPU.Build.0 = Release|Any CPU
		{13E57DDE-0223-4EAF-AAC2-C81F6F800A49}.Release|x64.ActiveCfg = Release|Any CPU
		{13E57DDE-0223-4EAF-AAC2-C81F6F800A49}.Release|x64.Build.0 = Release|Any CPU
		{13E57DDE-0223-4EAF-AAC2-C81F6F800A49}.Release|x86.ActiveCfg = Release|Any CPU
		{13E57DDE-0223-4EAF-AAC2-C81F6F800A49}.Release|x86.Build.0 = Release|Any CPU
		{CA79D3DB-0C25-4F44-AC8C-90D0ED7253AB}.Debug|Any CPU.ActiveCfg = Debug|Any CPU
		{CA79D3DB-0C25-4F44-AC8C-90D0ED7253AB}.Debug|Any CPU.Build.0 = Debug|Any CPU
		{CA79D3DB-0C25-4F44-AC8C-90D0ED7253AB}.Debug|x64.ActiveCfg = Debug|Any CPU
		{CA79D3DB-0C25-4F44-AC8C-90D0ED7253AB}.Debug|x64.Build.0 = Debug|Any CPU
		{CA79D3DB-0C25-4F44-AC8C-90D0ED7253AB}.Debug|x86.ActiveCfg = Debug|Any CPU
		{CA79D3DB-0C25-4F44-AC8C-90D0ED7253AB}.Debug|x86.Build.0 = Debug|Any CPU
		{CA79D3DB-0C25-4F44-AC8C-90D0ED7253AB}.Release|Any CPU.ActiveCfg = Release|Any CPU
		{CA79D3DB-0C25-4F44-AC8C-90D0ED7253AB}.Release|Any CPU.Build.0 = Release|Any CPU
		{CA79D3DB-0C25-4F44-AC8C-90D0ED7253AB}.Release|x64.ActiveCfg = Release|Any CPU
		{CA79D3DB-0C25-4F44-AC8C-90D0ED7253AB}.Release|x64.Build.0 = Release|Any CPU
		{CA79D3DB-0C25-4F44-AC8C-90D0ED7253AB}.Release|x86.ActiveCfg = Release|Any CPU
		{CA79D3DB-0C25-4F44-AC8C-90D0ED7253AB}.Release|x86.Build.0 = Release|Any CPU
		{9280581F-F3AA-4501-863F-B280B45BE958}.Debug|Any CPU.ActiveCfg = Debug|Any CPU
		{9280581F-F3AA-4501-863F-B280B45BE958}.Debug|Any CPU.Build.0 = Debug|Any CPU
		{9280581F-F3AA-4501-863F-B280B45BE958}.Debug|x64.ActiveCfg = Debug|Any CPU
		{9280581F-F3AA-4501-863F-B280B45BE958}.Debug|x64.Build.0 = Debug|Any CPU
		{9280581F-F3AA-4501-863F-B280B45BE958}.Debug|x86.ActiveCfg = Debug|Any CPU
		{9280581F-F3AA-4501-863F-B280B45BE958}.Debug|x86.Build.0 = Debug|Any CPU
		{9280581F-F3AA-4501-863F-B280B45BE958}.Release|Any CPU.ActiveCfg = Release|Any CPU
		{9280581F-F3AA-4501-863F-B280B45BE958}.Release|Any CPU.Build.0 = Release|Any CPU
		{9280581F-F3AA-4501-863F-B280B45BE958}.Release|x64.ActiveCfg = Release|Any CPU
		{9280581F-F3AA-4501-863F-B280B45BE958}.Release|x64.Build.0 = Release|Any CPU
		{9280581F-F3AA-4501-863F-B280B45BE958}.Release|x86.ActiveCfg = Release|Any CPU
		{9280581F-F3AA-4501-863F-B280B45BE958}.Release|x86.Build.0 = Release|Any CPU
	EndGlobalSection
	GlobalSection(SolutionProperties) = preSolution
		HideSolutionNode = FALSE
	EndGlobalSection
	GlobalSection(NestedProjects) = preSolution
		{EC447DCF-ABFA-6E24-52A5-D7FD48A5C558} = {827E0CD3-B72D-47B6-A68D-7590B98EB39B}
		{5065D2DA-EA6E-DF36-88A4-A5FD0F609AC1} = {EC447DCF-ABFA-6E24-52A5-D7FD48A5C558}
		{E3BBDA05-EB94-4914-9E0C-811578A66303} = {5065D2DA-EA6E-DF36-88A4-A5FD0F609AC1}
		{65ABFB5D-2B10-DF64-BF12-C17976F8E5D9} = {827E0CD3-B72D-47B6-A68D-7590B98EB39B}
		{44CDB5EE-71C3-46D9-BF6B-1829B1C3EAF0} = {65ABFB5D-2B10-DF64-BF12-C17976F8E5D9}
		{90298CBA-BD6F-3A0A-69D5-97CAD7B05E7E} = {827E0CD3-B72D-47B6-A68D-7590B98EB39B}
		{5F173D01-10D8-4A10-AD43-9947EB4031F6} = {90298CBA-BD6F-3A0A-69D5-97CAD7B05E7E}
		{FED283C3-4430-43BA-A612-BC8889E8BFE1} = {90298CBA-BD6F-3A0A-69D5-97CAD7B05E7E}
		{812EE998-A45A-4FB8-9F6E-106F2E2F261F} = {827E0CD3-B72D-47B6-A68D-7590B98EB39B}
		{8B6406A8-9BF6-43B4-C21F-90AAEE1063B6} = {EC447DCF-ABFA-6E24-52A5-D7FD48A5C558}
		{13E57DDE-0223-4EAF-AAC2-C81F6F800A49} = {8B6406A8-9BF6-43B4-C21F-90AAEE1063B6}
		{D2D2E801-7597-4251-0547-09189CCAD81B} = {EC447DCF-ABFA-6E24-52A5-D7FD48A5C558}
		{CA79D3DB-0C25-4F44-AC8C-90D0ED7253AB} = {D2D2E801-7597-4251-0547-09189CCAD81B}
		{FC15485C-DEDA-FAD7-9DC0-92F66DE2726C} = {EC447DCF-ABFA-6E24-52A5-D7FD48A5C558}
		{9280581F-F3AA-4501-863F-B280B45BE958} = {FC15485C-DEDA-FAD7-9DC0-92F66DE2726C}
	EndGlobalSection
EndGlobal
